
Microsoft Visual Studio Solution File, Format Version 12.00
# Visual Studio Version 16
VisualStudioVersion = 16.0.29318.209
MinimumVisualStudioVersion = 10.0.40219.1
Project("{9A19103F-16F7-4668-BE54-9A1E7A4F7556}") = "Arch.Domain", "src\Arch.Domain\Arch.Domain.csproj", "{1208F345-4763-43DD-A00B-E772A49D8399}"
EndProject
Project("{9A19103F-16F7-4668-BE54-9A1E7A4F7556}") = "Arch.Cqrs.Handlers", "src\Arch.Cqrs.Handlers\Arch.Cqrs.Handlers.csproj", "{9DC3749D-384D-4CC8-9FD3-96C47DE673B3}"
EndProject
Project("{9A19103F-16F7-4668-BE54-9A1E7A4F7556}") = "Arch.Infra.Data", "src\Arch.Infra.Data\Arch.Infra.Data.csproj", "{B9E80D49-EF37-44E5-9F85-7B9F9600ADAF}"
EndProject
Project("{9A19103F-16F7-4668-BE54-9A1E7A4F7556}") = "Arch.Infra.IoC", "src\Arch.Infra.IoC\Arch.Infra.IoC.csproj", "{D7783367-0A20-4610-9FCF-14466249B4A7}"
EndProject
Project("{9A19103F-16F7-4668-BE54-9A1E7A4F7556}") = "Arch.Cqrs.Client", "src\Arch.Cqrs.Client\Arch.Cqrs.Client.csproj", "{CF1F09B3-2A76-4A62-BB2B-09719310821F}"
EndProject
Project("{9A19103F-16F7-4668-BE54-9A1E7A4F7556}") = "Arch.UI.Api", "src\Arch.UI.Api\Arch.UI.Api.csproj", "{09F56462-C2EA-4116-9573-8412AB337743}"
EndProject
Project("{9A19103F-16F7-4668-BE54-9A1E7A4F7556}") = "Arch.Infra.Shared", "src\Arch.Infra.Shared\Arch.Infra.Shared.csproj", "{04C6F264-90B9-43EF-9798-76F130EC8721}"
EndProject
Project("{9A19103F-16F7-4668-BE54-9A1E7A4F7556}") = "Arch.Infra.EventSourcing", "src\Arch.Infra.EventSourcing\Arch.Infra.EventSourcing.csproj", "{860D04AC-2E5F-429C-A2AD-8BAC317914D0}"
EndProject
Project("{2150E333-8FDC-42A3-9474-1A3956D46DE8}") = "Tests", "Tests", "{583F8E09-0010-4BE1-85CC-1DC02D90D7F8}"
EndProject
Project("{9A19103F-16F7-4668-BE54-9A1E7A4F7556}") = "Arch.UI.Api.Tests", "tests\Arch.UI.Api.Tests\Arch.UI.Api.Tests.csproj", "{B95EB196-3B2C-4753-8A68-B23365D8E979}"
EndProject
Project("{9A19103F-16F7-4668-BE54-9A1E7A4F7556}") = "Arch.Handlers.Tests", "tests\Arch.Handlers.Tests\Arch.Handlers.Tests.csproj", "{D044EA2E-6577-4875-AB1A-3BD27310519A}"
EndProject
Project("{9A19103F-16F7-4668-BE54-9A1E7A4F7556}") = "Arch.Shared.Tests", "tests\Arch.Shared.Tests\Arch.Shared.Tests.csproj", "{CD6E42C4-1F44-4074-9072-471274AA07C5}"
EndProject
Project("{2150E333-8FDC-42A3-9474-1A3956D46DE8}") = "1 - UI", "1 - UI", "{AE90B217-AEC9-496B-98E6-C3ADBC93F5B9}"
EndProject
Project("{2150E333-8FDC-42A3-9474-1A3956D46DE8}") = "2 - Cqrs", "2 - Cqrs", "{90458A60-CCAD-431B-9989-A0420E6160F1}"
EndProject
Project("{2150E333-8FDC-42A3-9474-1A3956D46DE8}") = "3 - Domain", "3 - Domain", "{60BFF99A-B34A-4A1B-AF47-F60CDE7395A5}"
EndProject
Project("{2150E333-8FDC-42A3-9474-1A3956D46DE8}") = "4 - Infra", "4 - Infra", "{60F79AD3-6E96-490C-9DD5-B8564CE8F780}"
EndProject
Global
	GlobalSection(SolutionConfigurationPlatforms) = preSolution
		Debug|Any CPU = Debug|Any CPU
		Release|Any CPU = Release|Any CPU
	EndGlobalSection
	GlobalSection(ProjectConfigurationPlatforms) = postSolution
		{1208F345-4763-43DD-A00B-E772A49D8399}.Debug|Any CPU.ActiveCfg = Debug|Any CPU
		{1208F345-4763-43DD-A00B-E772A49D8399}.Debug|Any CPU.Build.0 = Debug|Any CPU
		{1208F345-4763-43DD-A00B-E772A49D8399}.Release|Any CPU.ActiveCfg = Release|Any CPU
		{1208F345-4763-43DD-A00B-E772A49D8399}.Release|Any CPU.Build.0 = Release|Any CPU
		{9DC3749D-384D-4CC8-9FD3-96C47DE673B3}.Debug|Any CPU.ActiveCfg = Debug|Any CPU
		{9DC3749D-384D-4CC8-9FD3-96C47DE673B3}.Debug|Any CPU.Build.0 = Debug|Any CPU
		{9DC3749D-384D-4CC8-9FD3-96C47DE673B3}.Release|Any CPU.ActiveCfg = Release|Any CPU
		{9DC3749D-384D-4CC8-9FD3-96C47DE673B3}.Release|Any CPU.Build.0 = Release|Any CPU
		{B9E80D49-EF37-44E5-9F85-7B9F9600ADAF}.Debug|Any CPU.ActiveCfg = Debug|Any CPU
		{B9E80D49-EF37-44E5-9F85-7B9F9600ADAF}.Debug|Any CPU.Build.0 = Debug|Any CPU
		{B9E80D49-EF37-44E5-9F85-7B9F9600ADAF}.Release|Any CPU.ActiveCfg = Release|Any CPU
		{B9E80D49-EF37-44E5-9F85-7B9F9600ADAF}.Release|Any CPU.Build.0 = Release|Any CPU
		{D7783367-0A20-4610-9FCF-14466249B4A7}.Debug|Any CPU.ActiveCfg = Debug|Any CPU
		{D7783367-0A20-4610-9FCF-14466249B4A7}.Debug|Any CPU.Build.0 = Debug|Any CPU
		{D7783367-0A20-4610-9FCF-14466249B4A7}.Release|Any CPU.ActiveCfg = Release|Any CPU
		{D7783367-0A20-4610-9FCF-14466249B4A7}.Release|Any CPU.Build.0 = Release|Any CPU
		{CF1F09B3-2A76-4A62-BB2B-09719310821F}.Debug|Any CPU.ActiveCfg = Debug|Any CPU
		{CF1F09B3-2A76-4A62-BB2B-09719310821F}.Debug|Any CPU.Build.0 = Debug|Any CPU
		{CF1F09B3-2A76-4A62-BB2B-09719310821F}.Release|Any CPU.ActiveCfg = Release|Any CPU
		{CF1F09B3-2A76-4A62-BB2B-09719310821F}.Release|Any CPU.Build.0 = Release|Any CPU
		{09F56462-C2EA-4116-9573-8412AB337743}.Debug|Any CPU.ActiveCfg = Debug|Any CPU
		{09F56462-C2EA-4116-9573-8412AB337743}.Debug|Any CPU.Build.0 = Debug|Any CPU
		{09F56462-C2EA-4116-9573-8412AB337743}.Release|Any CPU.ActiveCfg = Release|Any CPU
		{09F56462-C2EA-4116-9573-8412AB337743}.Release|Any CPU.Build.0 = Release|Any CPU
		{04C6F264-90B9-43EF-9798-76F130EC8721}.Debug|Any CPU.ActiveCfg = Debug|Any CPU
		{04C6F264-90B9-43EF-9798-76F130EC8721}.Debug|Any CPU.Build.0 = Debug|Any CPU
		{04C6F264-90B9-43EF-9798-76F130EC8721}.Release|Any CPU.ActiveCfg = Release|Any CPU
		{04C6F264-90B9-43EF-9798-76F130EC8721}.Release|Any CPU.Build.0 = Release|Any CPU
		{860D04AC-2E5F-429C-A2AD-8BAC317914D0}.Debug|Any CPU.ActiveCfg = Debug|Any CPU
		{860D04AC-2E5F-429C-A2AD-8BAC317914D0}.Debug|Any CPU.Build.0 = Debug|Any CPU
		{860D04AC-2E5F-429C-A2AD-8BAC317914D0}.Release|Any CPU.ActiveCfg = Release|Any CPU
		{860D04AC-2E5F-429C-A2AD-8BAC317914D0}.Release|Any CPU.Build.0 = Release|Any CPU
		{B95EB196-3B2C-4753-8A68-B23365D8E979}.Debug|Any CPU.ActiveCfg = Debug|Any CPU
		{B95EB196-3B2C-4753-8A68-B23365D8E979}.Debug|Any CPU.Build.0 = Debug|Any CPU
		{B95EB196-3B2C-4753-8A68-B23365D8E979}.Release|Any CPU.ActiveCfg = Release|Any CPU
		{B95EB196-3B2C-4753-8A68-B23365D8E979}.Release|Any CPU.Build.0 = Release|Any CPU
		{D044EA2E-6577-4875-AB1A-3BD27310519A}.Debug|Any CPU.ActiveCfg = Debug|Any CPU
		{D044EA2E-6577-4875-AB1A-3BD27310519A}.Debug|Any CPU.Build.0 = Debug|Any CPU
		{D044EA2E-6577-4875-AB1A-3BD27310519A}.Release|Any CPU.ActiveCfg = Release|Any CPU
		{D044EA2E-6577-4875-AB1A-3BD27310519A}.Release|Any CPU.Build.0 = Release|Any CPU
		{CD6E42C4-1F44-4074-9072-471274AA07C5}.Debug|Any CPU.ActiveCfg = Debug|Any CPU
		{CD6E42C4-1F44-4074-9072-471274AA07C5}.Debug|Any CPU.Build.0 = Debug|Any CPU
		{CD6E42C4-1F44-4074-9072-471274AA07C5}.Release|Any CPU.ActiveCfg = Release|Any CPU
		{CD6E42C4-1F44-4074-9072-471274AA07C5}.Release|Any CPU.Build.0 = Release|Any CPU
	EndGlobalSection
	GlobalSection(SolutionProperties) = preSolution
		HideSolutionNode = FALSE
	EndGlobalSection
	GlobalSection(NestedProjects) = preSolution
		{1208F345-4763-43DD-A00B-E772A49D8399} = {60BFF99A-B34A-4A1B-AF47-F60CDE7395A5}
		{9DC3749D-384D-4CC8-9FD3-96C47DE673B3} = {90458A60-CCAD-431B-9989-A0420E6160F1}
		{B9E80D49-EF37-44E5-9F85-7B9F9600ADAF} = {60F79AD3-6E96-490C-9DD5-B8564CE8F780}
		{D7783367-0A20-4610-9FCF-14466249B4A7} = {60F79AD3-6E96-490C-9DD5-B8564CE8F780}
		{CF1F09B3-2A76-4A62-BB2B-09719310821F} = {90458A60-CCAD-431B-9989-A0420E6160F1}
		{09F56462-C2EA-4116-9573-8412AB337743} = {AE90B217-AEC9-496B-98E6-C3ADBC93F5B9}
		{04C6F264-90B9-43EF-9798-76F130EC8721} = {60F79AD3-6E96-490C-9DD5-B8564CE8F780}
		{860D04AC-2E5F-429C-A2AD-8BAC317914D0} = {60F79AD3-6E96-490C-9DD5-B8564CE8F780}
		{B95EB196-3B2C-4753-8A68-B23365D8E979} = {583F8E09-0010-4BE1-85CC-1DC02D90D7F8}
		{D044EA2E-6577-4875-AB1A-3BD27310519A} = {583F8E09-0010-4BE1-85CC-1DC02D90D7F8}
		{CD6E42C4-1F44-4074-9072-471274AA07C5} = {583F8E09-0010-4BE1-85CC-1DC02D90D7F8}
	EndGlobalSection
	GlobalSection(ExtensibilityGlobals) = postSolution
		SolutionGuid = {D71068F3-4F4D-45E3-886D-37F0A59534F9}
	EndGlobalSection
EndGlobal
